
Microsoft Visual Studio Solution File, Format Version 12.00
# Visual Studio Version 17
VisualStudioVersion = 17.13.35825.156 d17.13
MinimumVisualStudioVersion = 10.0.40219.1
Project("{FAE04EC0-301F-11D3-BF4B-00C04F79EFBC}") = "ODataWebAPI", "ODataWebAPI\ODataWebAPI.csproj", "{2C80A5F1-349F-4748-9D82-A1DC0CEE6E36}"
EndProject
Global
	GlobalSection(SolutionConfigurationPlatforms) = preSolution
		Debug|Any CPU = Debug|Any CPU
		Release|Any CPU = Release|Any CPU
	EndGlobalSection
	GlobalSection(ProjectConfigurationPlatforms) = postSolution
		{2C80A5F1-349F-4748-9D82-A1DC0CEE6E36}.Debug|Any CPU.ActiveCfg = Debug|Any CPU
		{2C80A5F1-349F-4748-9D82-A1DC0CEE6E36}.Debug|Any CPU.Build.0 = Debug|Any CPU
		{2C80A5F1-349F-4748-9D82-A1DC0CEE6E36}.Release|Any CPU.ActiveCfg = Release|Any CPU
		{2C80A5F1-349F-4748-9D82-A1DC0CEE6E36}.Release|Any CPU.Build.0 = Release|Any CPU
	EndGlobalSection
	GlobalSection(SolutionProperties) = preSolution
		HideSolutionNode = FALSE
	EndGlobalSection
	GlobalSection(ExtensibilityGlobals) = postSolution
		SolutionGuid = {043389F1-CAF7-4985-9304-18023892279A}
	EndGlobalSection
EndGlobal
